
Microsoft Visual Studio Solution File, Format Version 12.00
# Visual Studio Version 17
VisualStudioVersion = 17.3.32804.467
MinimumVisualStudioVersion = 10.0.40219.1
Project("{9A19103F-16F7-4668-BE54-9A1E7A4F7556}") = "fgcias", "fgcias\fgcias.csproj", "{2B395A36-E872-4DA8-94CE-147BBFF6175C}"
EndProject
Project("{9A19103F-16F7-4668-BE54-9A1E7A4F7556}") = "fgcias.domain", "fgcias.domain\fgcias.domain.csproj", "{924A02DA-5319-4FD1-9A51-3A88DECC0619}"
EndProject
Project("{9A19103F-16F7-4668-BE54-9A1E7A4F7556}") = "fgcias.service", "fgcias.service\fgcias.service.csproj", "{B07F89B3-0482-4299-8C5A-5E379800D836}"
EndProject
Global
	GlobalSection(SolutionConfigurationPlatforms) = preSolution
		Debug|Any CPU = Debug|Any CPU
		Release|Any CPU = Release|Any CPU
	EndGlobalSection
	GlobalSection(ProjectConfigurationPlatforms) = postSolution
		{2B395A36-E872-4DA8-94CE-147BBFF6175C}.Debug|Any CPU.ActiveCfg = Debug|Any CPU
		{2B395A36-E872-4DA8-94CE-147BBFF6175C}.Debug|Any CPU.Build.0 = Debug|Any CPU
		{2B395A36-E872-4DA8-94CE-147BBFF6175C}.Release|Any CPU.ActiveCfg = Release|Any CPU
		{2B395A36-E872-4DA8-94CE-147BBFF6175C}.Release|Any CPU.Build.0 = Release|Any CPU
		{924A02DA-5319-4FD1-9A51-3A88DECC0619}.Debug|Any CPU.ActiveCfg = Debug|Any CPU
		{924A02DA-5319-4FD1-9A51-3A88DECC0619}.Debug|Any CPU.Build.0 = Debug|Any CPU
		{924A02DA-5319-4FD1-9A51-3A88DECC0619}.Release|Any CPU.ActiveCfg = Release|Any CPU
		{924A02DA-5319-4FD1-9A51-3A88DECC0619}.Release|Any CPU.Build.0 = Release|Any CPU
		{B07F89B3-0482-4299-8C5A-5E379800D836}.Debug|Any CPU.ActiveCfg = Debug|Any CPU
		{B07F89B3-0482-4299-8C5A-5E379800D836}.Debug|Any CPU.Build.0 = Debug|Any CPU
		{B07F89B3-0482-4299-8C5A-5E379800D836}.Release|Any CPU.ActiveCfg = Release|Any CPU
		{B07F89B3-0482-4299-8C5A-5E379800D836}.Release|Any CPU.Build.0 = Release|Any CPU
	EndGlobalSection
	GlobalSection(SolutionProperties) = preSolution
		HideSolutionNode = FALSE
	EndGlobalSection
	GlobalSection(ExtensibilityGlobals) = postSolution
		SolutionGuid = {1C742B1B-3AD3-4CA6-9FBD-A369749B44CF}
	EndGlobalSection
EndGlobal
